
Microsoft Visual Studio Solution File, Format Version 12.00
# Visual Studio Version 17
VisualStudioVersion = 17.7.34221.43
MinimumVisualStudioVersion = 10.0.40219.1
Project("{9A19103F-16F7-4668-BE54-9A1E7A4F7556}") = "PlexDbToolsCmd", "PlexDbToolsCmd.csproj", "{9C90BF7D-249E-4F08-9EFF-EEC623F216ED}"
EndProject
Project("{FAE04EC0-301F-11D3-BF4B-00C04F79EFBC}") = "PlexDBLib", "..\PlexDBLib\PlexDBLib.csproj", "{5E28ECE2-CF80-4D61-BF4F-3F3375A46E72}"
EndProject
Project("{FAE04EC0-301F-11D3-BF4B-00C04F79EFBC}") = "PlexStructureGen", "..\PlexStructureGen\PlexStructureGen.csproj", "{3FC338A2-815D-4A3C-B0B2-AA0CED00AB2A}"
EndProject
Global
	GlobalSection(SolutionConfigurationPlatforms) = preSolution
		Debug|Any CPU = Debug|Any CPU
		Release|Any CPU = Release|Any CPU
	EndGlobalSection
	GlobalSection(ProjectConfigurationPlatforms) = postSolution
		{9C90BF7D-249E-4F08-9EFF-EEC623F216ED}.Debug|Any CPU.ActiveCfg = Debug|Any CPU
		{9C90BF7D-249E-4F08-9EFF-EEC623F216ED}.Debug|Any CPU.Build.0 = Debug|Any CPU
		{9C90BF7D-249E-4F08-9EFF-EEC623F216ED}.Release|Any CPU.ActiveCfg = Release|Any CPU
		{9C90BF7D-249E-4F08-9EFF-EEC623F216ED}.Release|Any CPU.Build.0 = Release|Any CPU
		{5E28ECE2-CF80-4D61-BF4F-3F3375A46E72}.Debug|Any CPU.ActiveCfg = Debug|Any CPU
		{5E28ECE2-CF80-4D61-BF4F-3F3375A46E72}.Debug|Any CPU.Build.0 = Debug|Any CPU
		{5E28ECE2-CF80-4D61-BF4F-3F3375A46E72}.Release|Any CPU.ActiveCfg = Release|Any CPU
		{5E28ECE2-CF80-4D61-BF4F-3F3375A46E72}.Release|Any CPU.Build.0 = Release|Any CPU
		{3FC338A2-815D-4A3C-B0B2-AA0CED00AB2A}.Debug|Any CPU.ActiveCfg = Debug|Any CPU
		{3FC338A2-815D-4A3C-B0B2-AA0CED00AB2A}.Debug|Any CPU.Build.0 = Debug|Any CPU
		{3FC338A2-815D-4A3C-B0B2-AA0CED00AB2A}.Release|Any CPU.ActiveCfg = Release|Any CPU
		{3FC338A2-815D-4A3C-B0B2-AA0CED00AB2A}.Release|Any CPU.Build.0 = Release|Any CPU
	EndGlobalSection
	GlobalSection(SolutionProperties) = preSolution
		HideSolutionNode = FALSE
	EndGlobalSection
	GlobalSection(ExtensibilityGlobals) = postSolution
		SolutionGuid = {B525B5ED-D9CE-420F-B84C-906C30468E32}
	EndGlobalSection
EndGlobal
